{
  "name": "cron-to-chinese",
  "version": "0.0.2",
  "lockfileVersion": 3,
  "requires": true,
  "packages": {
    "": {
      "name": "cron-to-chinese",
      "version": "0.0.2",
      "license": "MIT",
      "dependencies": {
        "cron-to-chinese": "^0.0.1"
      }
    },
    "node_modules/cron-to-chinese": {
      "version": "0.0.1",
      "resolved": "https://registry.npmjs.org/cron-to-chinese/-/cron-to-chinese-0.0.1.tgz",
      "integrity": "sha512-SETU1LKmbEC4QLWm0wfceZjN0m2o4SuMSSxlJ2aYRFpVgzOgc27mfzb1p+fxNrHLFODHvof1UXmrfC3m97dkxA=="
    }
  }
}
